
Microsoft Visual Studio Solution File, Format Version 12.00
# Visual Studio Version 17
VisualStudioVersion = 17.4.33103.184
MinimumVisualStudioVersion = 10.0.40219.1
Project("{FAE04EC0-301F-11D3-BF4B-00C04F79EFBC}") = "BlazorAppDockerTest.Server", "BlazorAppDockerTest\Server\BlazorAppDockerTest.Server.csproj", "{81F92076-771D-45AD-8C90-E4B881FD6299}"
EndProject
Project("{FAE04EC0-301F-11D3-BF4B-00C04F79EFBC}") = "BlazorAppDockerTest.Client", "BlazorAppDockerTest\Client\BlazorAppDockerTest.Client.csproj", "{69CAE604-E0C1-4185-B347-AC9F23C0906C}"
EndProject
Project("{FAE04EC0-301F-11D3-BF4B-00C04F79EFBC}") = "BlazorAppDockerTest.Shared", "BlazorAppDockerTest\Shared\BlazorAppDockerTest.Shared.csproj", "{6F08CD56-7E90-40F5-9F8F-43D8E61360F9}"
EndProject
Project("{E53339B2-1760-4266-BCC7-CA923CBCF16C}") = "docker-compose", "docker-compose.dcproj", "{1BA41328-4CE0-40AE-9C1E-D46F1F365BC3}"
EndProject
Global
	GlobalSection(SolutionConfigurationPlatforms) = preSolution
		Debug|Any CPU = Debug|Any CPU
		Release|Any CPU = Release|Any CPU
	EndGlobalSection
	GlobalSection(ProjectConfigurationPlatforms) = postSolution
		{81F92076-771D-45AD-8C90-E4B881FD6299}.Debug|Any CPU.ActiveCfg = Debug|Any CPU
		{81F92076-771D-45AD-8C90-E4B881FD6299}.Debug|Any CPU.Build.0 = Debug|Any CPU
		{81F92076-771D-45AD-8C90-E4B881FD6299}.Release|Any CPU.ActiveCfg = Release|Any CPU
		{81F92076-771D-45AD-8C90-E4B881FD6299}.Release|Any CPU.Build.0 = Release|Any CPU
		{69CAE604-E0C1-4185-B347-AC9F23C0906C}.Debug|Any CPU.ActiveCfg = Debug|Any CPU
		{69CAE604-E0C1-4185-B347-AC9F23C0906C}.Debug|Any CPU.Build.0 = Debug|Any CPU
		{69CAE604-E0C1-4185-B347-AC9F23C0906C}.Release|Any CPU.ActiveCfg = Release|Any CPU
		{69CAE604-E0C1-4185-B347-AC9F23C0906C}.Release|Any CPU.Build.0 = Release|Any CPU
		{6F08CD56-7E90-40F5-9F8F-43D8E61360F9}.Debug|Any CPU.ActiveCfg = Debug|Any CPU
		{6F08CD56-7E90-40F5-9F8F-43D8E61360F9}.Debug|Any CPU.Build.0 = Debug|Any CPU
		{6F08CD56-7E90-40F5-9F8F-43D8E61360F9}.Release|Any CPU.ActiveCfg = Release|Any CPU
		{6F08CD56-7E90-40F5-9F8F-43D8E61360F9}.Release|Any CPU.Build.0 = Release|Any CPU
		{1BA41328-4CE0-40AE-9C1E-D46F1F365BC3}.Debug|Any CPU.ActiveCfg = Debug|Any CPU
		{1BA41328-4CE0-40AE-9C1E-D46F1F365BC3}.Debug|Any CPU.Build.0 = Debug|Any CPU
		{1BA41328-4CE0-40AE-9C1E-D46F1F365BC3}.Release|Any CPU.ActiveCfg = Release|Any CPU
		{1BA41328-4CE0-40AE-9C1E-D46F1F365BC3}.Release|Any CPU.Build.0 = Release|Any CPU
	EndGlobalSection
	GlobalSection(SolutionProperties) = preSolution
		HideSolutionNode = FALSE
	EndGlobalSection
	GlobalSection(ExtensibilityGlobals) = postSolution
		SolutionGuid = {8C7EC086-E25D-4770-89DF-0BC1A80CF452}
	EndGlobalSection
EndGlobal
